{
  "nodes": {
    "crane": {
      "inputs": {
        "nixpkgs": [
          "helix",
          "nixpkgs"
        ]
      },
      "locked": {
        "lastModified": 1709610799,
        "narHash": "sha256-5jfLQx0U9hXbi2skYMGodDJkIgffrjIOgMRjZqms2QE=",
        "owner": "ipetkov",
        "repo": "crane",
        "rev": "81c393c776d5379c030607866afef6406ca1be57",
        "type": "github"
      },
      "original": {
        "owner": "ipetkov",
        "repo": "crane",
        "type": "github"
      }
    },
    "eww": {
      "inputs": {
        "flake-compat": "flake-compat",
        "nixpkgs": [
          "nixpkgs"
        ],
        "rust-overlay": "rust-overlay"
      },
      "locked": {
        "lastModified": 1713106678,
        "narHash": "sha256-dm4bufwlVDUE4ndsR6cAPur75hvlVRzIxbMKJCizutg=",
        "owner": "kiike",
        "repo": "eww",
        "rev": "1e37f53e99016aa2cd725d7050788bb5d4fcc76a",
        "type": "github"
      },
      "original": {
        "owner": "kiike",
        "repo": "eww",
        "type": "github"
      }
    },
    "flake-compat": {
      "flake": false,
      "locked": {
        "lastModified": 1696426674,
        "narHash": "sha256-kvjfFW7WAETZlt09AgDn1MrtKzP7t90Vf7vypd3OL1U=",
        "owner": "edolstra",
        "repo": "flake-compat",
        "rev": "0f9255e01c2351cc7d116c072cb317785dd33b33",
        "type": "github"
      },
      "original": {
        "owner": "edolstra",
        "repo": "flake-compat",
        "type": "github"
      }
    },
    "flake-utils": {
      "inputs": {
        "systems": "systems"
      },
      "locked": {
        "lastModified": 1705309234,
        "narHash": "sha256-uNRRNRKmJyCRC/8y1RqBkqWBLM034y4qN7EprSdmgyA=",
        "owner": "numtide",
        "repo": "flake-utils",
        "rev": "1ef2e671c3b0c19053962c07dbda38332dcebf26",
        "type": "github"
      },
      "original": {
        "owner": "numtide",
        "repo": "flake-utils",
        "type": "github"
      }
    },
    "flake-utils_2": {
      "inputs": {
        "systems": "systems_2"
      },
      "locked": {
        "lastModified": 1709126324,
        "narHash": "sha256-q6EQdSeUZOG26WelxqkmR7kArjgWCdw5sfJVHPH/7j8=",
        "owner": "numtide",
        "repo": "flake-utils",
        "rev": "d465f4819400de7c8d874d50b982301f28a84605",
        "type": "github"
      },
      "original": {
        "owner": "numtide",
        "repo": "flake-utils",
        "type": "github"
      }
    },
    "flake-utils_3": {
      "inputs": {
        "systems": "systems_3"
      },
      "locked": {
        "lastModified": 1705309234,
        "narHash": "sha256-uNRRNRKmJyCRC/8y1RqBkqWBLM034y4qN7EprSdmgyA=",
        "owner": "numtide",
        "repo": "flake-utils",
        "rev": "1ef2e671c3b0c19053962c07dbda38332dcebf26",
        "type": "github"
      },
      "original": {
        "owner": "numtide",
        "repo": "flake-utils",
        "type": "github"
      }
    },
    "flake-utils_4": {
      "inputs": {
        "systems": "systems_4"
      },
      "locked": {
        "lastModified": 1710146030,
        "narHash": "sha256-SZ5L6eA7HJ/nmkzGG7/ISclqe6oZdOZTNoesiInkXPQ=",
        "owner": "numtide",
        "repo": "flake-utils",
        "rev": "b1d9ab70662946ef0850d488da1c9019f3a9752a",
        "type": "github"
      },
      "original": {
        "owner": "numtide",
        "repo": "flake-utils",
        "type": "github"
      }
    },
    "flake-utils_5": {
      "inputs": {
        "systems": "systems_5"
      },
      "locked": {
        "lastModified": 1705309234,
        "narHash": "sha256-uNRRNRKmJyCRC/8y1RqBkqWBLM034y4qN7EprSdmgyA=",
        "owner": "numtide",
        "repo": "flake-utils",
        "rev": "1ef2e671c3b0c19053962c07dbda38332dcebf26",
        "type": "github"
      },
      "original": {
        "owner": "numtide",
        "repo": "flake-utils",
        "type": "github"
      }
    },
    "helix": {
      "inputs": {
        "crane": "crane",
        "flake-utils": "flake-utils_2",
        "nixpkgs": [
          "nixpkgs"
        ],
        "rust-overlay": "rust-overlay_2"
      },
      "locked": {
        "lastModified": 1714732742,
        "narHash": "sha256-tvZiMfL0TEiZGe5lOAk0Qrmsigc5UNRDootbEGUV58o=",
        "owner": "helix-editor",
        "repo": "helix",
        "rev": "7e13213e7430c95cbad210994cecbfadc52c0714",
        "type": "github"
      },
      "original": {
        "owner": "helix-editor",
        "repo": "helix",
        "type": "github"
      }
    },
    "home-manager": {
      "inputs": {
        "nixpkgs": [
          "nixpkgs"
        ]
      },
      "locked": {
        "lastModified": 1714900398,
        "narHash": "sha256-H7XYHpjk1G6dkA3AnbYrKtaTFjcCE7ul6nUVlVQxtsA=",
        "owner": "nix-community",
        "repo": "home-manager",
        "rev": "fdaaf543bad047639ef0b356ea2e6caec2f1215c",
        "type": "github"
      },
      "original": {
        "owner": "nix-community",
        "repo": "home-manager",
        "type": "github"
      }
    },
    "mdbook-nixdoc": {
      "inputs": {
        "nix-github-actions": [
          "papis",
          "pyproject-nix",
          "nix-github-actions"
        ],
        "nixpkgs": [
          "papis",
          "pyproject-nix",
          "nixpkgs"
        ]
      },
      "locked": {
        "lastModified": 1708395692,
        "narHash": "sha256-smf0VmxGbjJDZqKvxxG3ZVqubgbVwAWG26wPo+BT/A0=",
        "owner": "adisbladis",
        "repo": "mdbook-nixdoc",
        "rev": "d6a71b114b9221c0b4f20d31b81766d072cc26be",
        "type": "github"
      },
      "original": {
        "owner": "adisbladis",
        "repo": "mdbook-nixdoc",
        "type": "github"
      }
    },
    "mdbook-nixdoc_2": {
      "inputs": {
        "nix-github-actions": [
          "papis-zotero",
          "papis",
          "pyproject-nix",
          "nix-github-actions"
        ],
        "nixpkgs": [
          "papis-zotero",
          "papis",
          "pyproject-nix",
          "nixpkgs"
        ]
      },
      "locked": {
        "lastModified": 1708395692,
        "narHash": "sha256-smf0VmxGbjJDZqKvxxG3ZVqubgbVwAWG26wPo+BT/A0=",
        "owner": "adisbladis",
        "repo": "mdbook-nixdoc",
        "rev": "d6a71b114b9221c0b4f20d31b81766d072cc26be",
        "type": "github"
      },
      "original": {
        "owner": "adisbladis",
        "repo": "mdbook-nixdoc",
        "type": "github"
      }
    },
    "mdbook-nixdoc_3": {
      "inputs": {
        "nix-github-actions": [
          "papis-zotero",
          "pyproject-nix",
          "nix-github-actions"
        ],
        "nixpkgs": [
          "papis-zotero",
          "pyproject-nix",
          "nixpkgs"
        ]
      },
      "locked": {
        "lastModified": 1708395692,
        "narHash": "sha256-smf0VmxGbjJDZqKvxxG3ZVqubgbVwAWG26wPo+BT/A0=",
        "owner": "adisbladis",
        "repo": "mdbook-nixdoc",
        "rev": "d6a71b114b9221c0b4f20d31b81766d072cc26be",
        "type": "github"
      },
      "original": {
        "owner": "adisbladis",
        "repo": "mdbook-nixdoc",
        "type": "github"
      }
    },
    "nix-github-actions": {
      "inputs": {
        "nixpkgs": [
          "papis",
          "pyproject-nix",
          "nixpkgs"
        ]
      },
      "locked": {
        "lastModified": 1703863825,
        "narHash": "sha256-rXwqjtwiGKJheXB43ybM8NwWB8rO2dSRrEqes0S7F5Y=",
        "owner": "nix-community",
        "repo": "nix-github-actions",
        "rev": "5163432afc817cf8bd1f031418d1869e4c9d5547",
        "type": "github"
      },
      "original": {
        "owner": "nix-community",
        "repo": "nix-github-actions",
        "type": "github"
      }
    },
    "nix-github-actions_2": {
      "inputs": {
        "nixpkgs": [
          "papis-zotero",
          "papis",
          "pyproject-nix",
          "nixpkgs"
        ]
      },
      "locked": {
        "lastModified": 1703863825,
        "narHash": "sha256-rXwqjtwiGKJheXB43ybM8NwWB8rO2dSRrEqes0S7F5Y=",
        "owner": "nix-community",
        "repo": "nix-github-actions",
        "rev": "5163432afc817cf8bd1f031418d1869e4c9d5547",
        "type": "github"
      },
      "original": {
        "owner": "nix-community",
        "repo": "nix-github-actions",
        "type": "github"
      }
    },
    "nix-github-actions_3": {
      "inputs": {
        "nixpkgs": [
          "papis-zotero",
          "pyproject-nix",
          "nixpkgs"
        ]
      },
      "locked": {
        "lastModified": 1703863825,
        "narHash": "sha256-rXwqjtwiGKJheXB43ybM8NwWB8rO2dSRrEqes0S7F5Y=",
        "owner": "nix-community",
        "repo": "nix-github-actions",
        "rev": "5163432afc817cf8bd1f031418d1869e4c9d5547",
        "type": "github"
      },
      "original": {
        "owner": "nix-community",
        "repo": "nix-github-actions",
        "type": "github"
      }
    },
    "nix-index-database": {
      "inputs": {
        "nixpkgs": [
          "nixpkgs"
        ]
      },
      "locked": {
        "lastModified": 1714878592,
        "narHash": "sha256-E68C03sYRsYFsK7wiGHUIJm8IsyPRALOrFoTL0glXnI=",
        "owner": "nix-community",
        "repo": "nix-index-database",
        "rev": "a362555e9dbd4ecff3bb98969bbdb8f79fe87f10",
        "type": "github"
      },
      "original": {
        "owner": "nix-community",
        "repo": "nix-index-database",
        "type": "github"
      }
    },
    "nixpkgs": {
      "locked": {
        "lastModified": 1714763106,
        "narHash": "sha256-DrDHo74uTycfpAF+/qxZAMlP/Cpe04BVioJb6fdI0YY=",
        "owner": "NixOS",
        "repo": "nixpkgs",
        "rev": "e9be42459999a253a9f92559b1f5b72e1b44c13d",
        "type": "github"
      },
      "original": {
        "owner": "NixOS",
        "ref": "nixos-unstable",
        "repo": "nixpkgs",
        "type": "github"
      }
    },
    "papis": {
      "inputs": {
        "flake-utils": "flake-utils_3",
        "nixpkgs": [
          "nixpkgs"
        ],
        "pyproject-nix": "pyproject-nix"
      },
      "locked": {
        "lastModified": 1714671575,
        "narHash": "sha256-PoAgCA1Q+XvioRFF4X49+bl0cV5qZes39G+NKc6BDUA=",
        "owner": "papis",
        "repo": "papis",
        "rev": "380a53968a60a798749590244380d00c52fb7fc7",
        "type": "github"
      },
      "original": {
        "owner": "papis",
        "repo": "papis",
        "type": "github"
      }
    },
    "papis-zotero": {
      "inputs": {
        "flake-utils": "flake-utils_4",
        "nixpkgs": [
          "nixpkgs"
        ],
        "papis": "papis_2",
        "pyproject-nix": "pyproject-nix_3"
      },
      "locked": {
        "lastModified": 1713343377,
        "narHash": "sha256-Qe+Ry9E+afI89649MMi9u7d8solq1bm60KVTrUmgH9c=",
        "owner": "kiike",
        "repo": "papis-zotero",
        "rev": "41b9d9687d2bd96813755573556e49cfe55a0e4d",
        "type": "github"
      },
      "original": {
        "owner": "kiike",
        "ref": "feat/flake",
        "repo": "papis-zotero",
        "type": "github"
      }
    },
    "papis_2": {
      "inputs": {
        "flake-utils": "flake-utils_5",
        "nixpkgs": [
          "papis-zotero",
          "nixpkgs"
        ],
        "pyproject-nix": "pyproject-nix_2"
      },
      "locked": {
        "lastModified": 1713273708,
        "narHash": "sha256-3A6IqB7/gF09hEdKDzO4The0q0LK1+VJ2yvnRwof3Co=",
        "owner": "papis",
        "repo": "papis",
        "rev": "4bd6ca5d6011eb612b54efa19f10d13956a380b8",
        "type": "github"
      },
      "original": {
        "owner": "papis",
        "repo": "papis",
        "type": "github"
      }
    },
    "pyproject-nix": {
      "inputs": {
        "mdbook-nixdoc": "mdbook-nixdoc",
        "nix-github-actions": "nix-github-actions",
        "nixpkgs": [
          "papis",
          "nixpkgs"
        ]
      },
      "locked": {
        "lastModified": 1709886419,
        "narHash": "sha256-qXZsmegy0W0hn9yxYQFin1jZB3ikmBWXyBDQx1AqEQ4=",
        "owner": "nix-community",
        "repo": "pyproject.nix",
        "rev": "2841577401c77106150b98bcb3a30510cb6c652a",
        "type": "github"
      },
      "original": {
        "owner": "nix-community",
        "repo": "pyproject.nix",
        "type": "github"
      }
    },
    "pyproject-nix_2": {
      "inputs": {
        "mdbook-nixdoc": "mdbook-nixdoc_2",
        "nix-github-actions": "nix-github-actions_2",
        "nixpkgs": [
          "papis-zotero",
          "papis",
          "nixpkgs"
        ]
      },
      "locked": {
        "lastModified": 1709886419,
        "narHash": "sha256-qXZsmegy0W0hn9yxYQFin1jZB3ikmBWXyBDQx1AqEQ4=",
        "owner": "nix-community",
        "repo": "pyproject.nix",
        "rev": "2841577401c77106150b98bcb3a30510cb6c652a",
        "type": "github"
      },
      "original": {
        "owner": "nix-community",
        "repo": "pyproject.nix",
        "type": "github"
      }
    },
    "pyproject-nix_3": {
      "inputs": {
        "mdbook-nixdoc": "mdbook-nixdoc_3",
        "nix-github-actions": "nix-github-actions_3",
        "nixpkgs": [
          "papis-zotero",
          "nixpkgs"
        ]
      },
      "locked": {
        "lastModified": 1712595520,
        "narHash": "sha256-6F1KAT+iXukGaoBJ0uiAVlPL8VsgKvwtyt/3WASMwiI=",
        "owner": "nix-community",
        "repo": "pyproject.nix",
        "rev": "794220b75a5cddd88f2a6ac6e557a01bc3a9806c",
        "type": "github"
      },
      "original": {
        "owner": "nix-community",
        "repo": "pyproject.nix",
        "type": "github"
      }
    },
    "root": {
      "inputs": {
        "eww": "eww",
        "helix": "helix",
        "home-manager": "home-manager",
        "nix-index-database": "nix-index-database",
        "nixpkgs": "nixpkgs",
        "papis": "papis",
        "papis-zotero": "papis-zotero"
      }
    },
    "rust-overlay": {
      "inputs": {
        "flake-utils": "flake-utils",
        "nixpkgs": [
          "eww",
          "nixpkgs"
        ]
      },
      "locked": {
        "lastModified": 1708395022,
        "narHash": "sha256-pxHZbfDsLAAcyWz+snbudxhQPlAnK2nWGAqRx11veac=",
        "owner": "oxalica",
        "repo": "rust-overlay",
        "rev": "b4ae18c03af976549a0b6e396b2b5be56d275f8b",
        "type": "github"
      },
      "original": {
        "owner": "oxalica",
        "repo": "rust-overlay",
        "type": "github"
      }
    },
    "rust-overlay_2": {
      "inputs": {
        "flake-utils": [
          "helix",
          "flake-utils"
        ],
        "nixpkgs": [
          "helix",
          "nixpkgs"
        ]
      },
      "locked": {
        "lastModified": 1709604635,
        "narHash": "sha256-le4fwmWmjGRYWwkho0Gr7mnnZndOOe4XGbLw68OvF40=",
        "owner": "oxalica",
        "repo": "rust-overlay",
        "rev": "e86c0fb5d3a22a5f30d7f64ecad88643fe26449d",
        "type": "github"
      },
      "original": {
        "owner": "oxalica",
        "repo": "rust-overlay",
        "type": "github"
      }
    },
    "systems": {
      "locked": {
        "lastModified": 1681028828,
        "narHash": "sha256-Vy1rq5AaRuLzOxct8nz4T6wlgyUR7zLU309k9mBC768=",
        "owner": "nix-systems",
        "repo": "default",
        "rev": "da67096a3b9bf56a91d16901293e51ba5b49a27e",
        "type": "github"
      },
      "original": {
        "owner": "nix-systems",
        "repo": "default",
        "type": "github"
      }
    },
    "systems_2": {
      "locked": {
        "lastModified": 1681028828,
        "narHash": "sha256-Vy1rq5AaRuLzOxct8nz4T6wlgyUR7zLU309k9mBC768=",
        "owner": "nix-systems",
        "repo": "default",
        "rev": "da67096a3b9bf56a91d16901293e51ba5b49a27e",
        "type": "github"
      },
      "original": {
        "owner": "nix-systems",
        "repo": "default",
        "type": "github"
      }
    },
    "systems_3": {
      "locked": {
        "lastModified": 1681028828,
        "narHash": "sha256-Vy1rq5AaRuLzOxct8nz4T6wlgyUR7zLU309k9mBC768=",
        "owner": "nix-systems",
        "repo": "default",
        "rev": "da67096a3b9bf56a91d16901293e51ba5b49a27e",
        "type": "github"
      },
      "original": {
        "owner": "nix-systems",
        "repo": "default",
        "type": "github"
      }
    },
    "systems_4": {
      "locked": {
        "lastModified": 1681028828,
        "narHash": "sha256-Vy1rq5AaRuLzOxct8nz4T6wlgyUR7zLU309k9mBC768=",
        "owner": "nix-systems",
        "repo": "default",
        "rev": "da67096a3b9bf56a91d16901293e51ba5b49a27e",
        "type": "github"
      },
      "original": {
        "owner": "nix-systems",
        "repo": "default",
        "type": "github"
      }
    },
    "systems_5": {
      "locked": {
        "lastModified": 1681028828,
        "narHash": "sha256-Vy1rq5AaRuLzOxct8nz4T6wlgyUR7zLU309k9mBC768=",
        "owner": "nix-systems",
        "repo": "default",
        "rev": "da67096a3b9bf56a91d16901293e51ba5b49a27e",
        "type": "github"
      },
      "original": {
        "owner": "nix-systems",
        "repo": "default",
        "type": "github"
      }
    }
  },
  "root": "root",
  "version": 7
}
